
Microsoft Visual Studio Solution File, Format Version 12.00
# Visual Studio 15
VisualStudioVersion = 15.0.26430.16
MinimumVisualStudioVersion = 10.0.40219.1
Project("{FAE04EC0-301F-11D3-BF4B-00C04F79EFBC}") = "BloodDonorsClientLibrary", "BloodDonorsClientLibrary\BloodDonorsClientLibrary.csproj", "{D5598268-9998-4BD5-977A-79BB3A9D4A63}"
EndProject
Project("{FAE04EC0-301F-11D3-BF4B-00C04F79EFBC}") = "ConsoleFrontEnd", "ConsoleFrontEnd\ConsoleFrontEnd.csproj", "{3AEF474E-7480-4C21-83EA-87547FC9FCFA}"
EndProject
Global
	GlobalSection(SolutionConfigurationPlatforms) = preSolution
		Debug|Any CPU = Debug|Any CPU
		Release|Any CPU = Release|Any CPU
	EndGlobalSection
	GlobalSection(ProjectConfigurationPlatforms) = postSolution
		{D5598268-9998-4BD5-977A-79BB3A9D4A63}.Debug|Any CPU.ActiveCfg = Debug|Any CPU
		{D5598268-9998-4BD5-977A-79BB3A9D4A63}.Debug|Any CPU.Build.0 = Debug|Any CPU
		{D5598268-9998-4BD5-977A-79BB3A9D4A63}.Release|Any CPU.ActiveCfg = Release|Any CPU
		{D5598268-9998-4BD5-977A-79BB3A9D4A63}.Release|Any CPU.Build.0 = Release|Any CPU
		{3AEF474E-7480-4C21-83EA-87547FC9FCFA}.Debug|Any CPU.ActiveCfg = Debug|Any CPU
		{3AEF474E-7480-4C21-83EA-87547FC9FCFA}.Debug|Any CPU.Build.0 = Debug|Any CPU
		{3AEF474E-7480-4C21-83EA-87547FC9FCFA}.Release|Any CPU.ActiveCfg = Release|Any CPU
		{3AEF474E-7480-4C21-83EA-87547FC9FCFA}.Release|Any CPU.Build.0 = Release|Any CPU
	EndGlobalSection
	GlobalSection(SolutionProperties) = preSolution
		HideSolutionNode = FALSE
	EndGlobalSection
EndGlobal
